
Microsoft Visual Studio Solution File, Format Version 12.00
# Visual Studio Version 16
VisualStudioVersion = 16.0.29306.81
MinimumVisualStudioVersion = 10.0.40219.1
Project("{FAE04EC0-301F-11D3-BF4B-00C04F79EFBC}") = "Chat Application For PC", "Chat Application For PC\Chat Application For PC.csproj", "{162485BA-E562-4DC7-BB0B-2F11874015C1}"
EndProject
Global
	GlobalSection(SolutionConfigurationPlatforms) = preSolution
		Debug|Any CPU = Debug|Any CPU
		Release|Any CPU = Release|Any CPU
	EndGlobalSection
	GlobalSection(ProjectConfigurationPlatforms) = postSolution
		{162485BA-E562-4DC7-BB0B-2F11874015C1}.Debug|Any CPU.ActiveCfg = Debug|Any CPU
		{162485BA-E562-4DC7-BB0B-2F11874015C1}.Debug|Any CPU.Build.0 = Debug|Any CPU
		{162485BA-E562-4DC7-BB0B-2F11874015C1}.Release|Any CPU.ActiveCfg = Release|Any CPU
		{162485BA-E562-4DC7-BB0B-2F11874015C1}.Release|Any CPU.Build.0 = Release|Any CPU
	EndGlobalSection
	GlobalSection(SolutionProperties) = preSolution
		HideSolutionNode = FALSE
	EndGlobalSection
	GlobalSection(ExtensibilityGlobals) = postSolution
		SolutionGuid = {0E34E474-D463-4BE4-9F33-13A01BA43E67}
	EndGlobalSection
EndGlobal
